
Microsoft Visual Studio Solution File, Format Version 12.00
# Visual Studio Version 16
VisualStudioVersion = 16.0.31727.386
MinimumVisualStudioVersion = 10.0.40219.1
Project("{9A19103F-16F7-4668-BE54-9A1E7A4F7556}") = "API", "API\API.csproj", "{16F3CC76-DCFD-4ACE-9EFA-017D49A1E711}"
EndProject
Project("{FAE04EC0-301F-11D3-BF4B-00C04F79EFBC}") = "Client", "Client\Client.csproj", "{726D6DFD-7DD7-4842-862A-294A773295E1}"
EndProject
Global
	GlobalSection(SolutionConfigurationPlatforms) = preSolution
		Debug|Any CPU = Debug|Any CPU
		Release|Any CPU = Release|Any CPU
	EndGlobalSection
	GlobalSection(ProjectConfigurationPlatforms) = postSolution
		{16F3CC76-DCFD-4ACE-9EFA-017D49A1E711}.Debug|Any CPU.ActiveCfg = Debug|Any CPU
		{16F3CC76-DCFD-4ACE-9EFA-017D49A1E711}.Debug|Any CPU.Build.0 = Debug|Any CPU
		{16F3CC76-DCFD-4ACE-9EFA-017D49A1E711}.Release|Any CPU.ActiveCfg = Release|Any CPU
		{16F3CC76-DCFD-4ACE-9EFA-017D49A1E711}.Release|Any CPU.Build.0 = Release|Any CPU
		{726D6DFD-7DD7-4842-862A-294A773295E1}.Debug|Any CPU.ActiveCfg = Debug|Any CPU
		{726D6DFD-7DD7-4842-862A-294A773295E1}.Debug|Any CPU.Build.0 = Debug|Any CPU
		{726D6DFD-7DD7-4842-862A-294A773295E1}.Release|Any CPU.ActiveCfg = Release|Any CPU
		{726D6DFD-7DD7-4842-862A-294A773295E1}.Release|Any CPU.Build.0 = Release|Any CPU
	EndGlobalSection
	GlobalSection(SolutionProperties) = preSolution
		HideSolutionNode = FALSE
	EndGlobalSection
	GlobalSection(ExtensibilityGlobals) = postSolution
		SolutionGuid = {4AA3A650-0DE6-413A-8939-865995AD8B43}
	EndGlobalSection
EndGlobal
